
Microsoft Visual Studio Solution File, Format Version 12.00
# Visual Studio Version 17
VisualStudioVersion = 17.4.33110.190
MinimumVisualStudioVersion = 10.0.40219.1
Project("{888888A0-9F3D-457C-B088-3A5042F75D52}") = "telegrambot_cipher", "telegrambot_cipher\telegrambot_cipher.pyproj", "{7457BDB6-2E03-485A-9C0B-E44DC1417270}"
EndProject
Global
	GlobalSection(SolutionConfigurationPlatforms) = preSolution
		Debug|Any CPU = Debug|Any CPU
		Release|Any CPU = Release|Any CPU
	EndGlobalSection
	GlobalSection(ProjectConfigurationPlatforms) = postSolution
		{7457BDB6-2E03-485A-9C0B-E44DC1417270}.Debug|Any CPU.ActiveCfg = Debug|Any CPU
		{7457BDB6-2E03-485A-9C0B-E44DC1417270}.Release|Any CPU.ActiveCfg = Release|Any CPU
	EndGlobalSection
	GlobalSection(SolutionProperties) = preSolution
		HideSolutionNode = FALSE
	EndGlobalSection
	GlobalSection(ExtensibilityGlobals) = postSolution
		SolutionGuid = {BC00D0DC-6461-45EF-A1C2-351436CD9402}
	EndGlobalSection
EndGlobal
